
Microsoft Visual Studio Solution File, Format Version 12.00
# Visual Studio Version 17
VisualStudioVersion = 17.9.34714.143
MinimumVisualStudioVersion = 10.0.40219.1
Project("{FAE04EC0-301F-11D3-BF4B-00C04F79EFBC}") = "QuickAddresses.API", "QuickAddresses.API\QuickAddresses.API.csproj", "{BF1BD4A8-71A8-440A-A76A-3F8C5ABA4870}"
EndProject
Project("{FAE04EC0-301F-11D3-BF4B-00C04F79EFBC}") = "QuickAddresses.Test", "QuickAddresses.Test\QuickAddresses.Test.csproj", "{3F89C4EB-D3E6-4235-BADC-D2AC1183DB08}"
EndProject
Global
	GlobalSection(SolutionConfigurationPlatforms) = preSolution
		Debug|Any CPU = Debug|Any CPU
		Release|Any CPU = Release|Any CPU
	EndGlobalSection
	GlobalSection(ProjectConfigurationPlatforms) = postSolution
		{BF1BD4A8-71A8-440A-A76A-3F8C5ABA4870}.Debug|Any CPU.ActiveCfg = Debug|Any CPU
		{BF1BD4A8-71A8-440A-A76A-3F8C5ABA4870}.Debug|Any CPU.Build.0 = Debug|Any CPU
		{BF1BD4A8-71A8-440A-A76A-3F8C5ABA4870}.Release|Any CPU.ActiveCfg = Release|Any CPU
		{BF1BD4A8-71A8-440A-A76A-3F8C5ABA4870}.Release|Any CPU.Build.0 = Release|Any CPU
		{3F89C4EB-D3E6-4235-BADC-D2AC1183DB08}.Debug|Any CPU.ActiveCfg = Debug|Any CPU
		{3F89C4EB-D3E6-4235-BADC-D2AC1183DB08}.Debug|Any CPU.Build.0 = Debug|Any CPU
		{3F89C4EB-D3E6-4235-BADC-D2AC1183DB08}.Release|Any CPU.ActiveCfg = Release|Any CPU
		{3F89C4EB-D3E6-4235-BADC-D2AC1183DB08}.Release|Any CPU.Build.0 = Release|Any CPU
	EndGlobalSection
	GlobalSection(SolutionProperties) = preSolution
		HideSolutionNode = FALSE
	EndGlobalSection
	GlobalSection(ExtensibilityGlobals) = postSolution
		SolutionGuid = {D2EBA696-5D59-43B1-91C9-2348429C9099}
	EndGlobalSection
EndGlobal
